
Microsoft Visual Studio Solution File, Format Version 12.00
# Visual Studio Version 17
VisualStudioVersion = 17.6.33815.320
MinimumVisualStudioVersion = 10.0.40219.1
Project("{FAE04EC0-301F-11D3-BF4B-00C04F79EFBC}") = "InterviewBackendSolution", "InterviewBackendSolution\InterviewBackendSolution.csproj", "{94567C75-3AB9-4CF8-8F3B-39B010F7A8A6}"
EndProject
Global
	GlobalSection(SolutionConfigurationPlatforms) = preSolution
		Debug|Any CPU = Debug|Any CPU
		Release|Any CPU = Release|Any CPU
	EndGlobalSection
	GlobalSection(ProjectConfigurationPlatforms) = postSolution
		{94567C75-3AB9-4CF8-8F3B-39B010F7A8A6}.Debug|Any CPU.ActiveCfg = Debug|Any CPU
		{94567C75-3AB9-4CF8-8F3B-39B010F7A8A6}.Debug|Any CPU.Build.0 = Debug|Any CPU
		{94567C75-3AB9-4CF8-8F3B-39B010F7A8A6}.Release|Any CPU.ActiveCfg = Release|Any CPU
		{94567C75-3AB9-4CF8-8F3B-39B010F7A8A6}.Release|Any CPU.Build.0 = Release|Any CPU
	EndGlobalSection
	GlobalSection(SolutionProperties) = preSolution
		HideSolutionNode = FALSE
	EndGlobalSection
	GlobalSection(ExtensibilityGlobals) = postSolution
		SolutionGuid = {DFF783FE-41AD-4921-8EF1-98CE47590396}
	EndGlobalSection
EndGlobal
